// !$*UTF8*$!
{
	archiveVersion = 1;
	classes = {
	};
	objectVersion = 77;
	objects = {

/* Begin PBXBuildFile section */
		00E356F31AD99517003FC87E /* KickstartWeatherTests.m in Sources */ = {isa = PBXBuildFile; fileRef = 00E356F21AD99517003FC87E /* KickstartWeatherTests.m */; };
		13B07FBC1A68108700A75B9A /* AppDelegate.mm in Sources */ = {isa = PBXBuildFile; fileRef = 13B07FB01A68108700A75B9A /* AppDelegate.mm */; };
		13B07FBF1A68108700A75B9A /* Images.xcassets in Resources */ = {isa = PBXBuildFile; fileRef = 13B07FB51A68108700A75B9A /* Images.xcassets */; };
		13B07FC11A68108700A75B9A /* main.m in Sources */ = {isa = PBXBuildFile; fileRef = 13B07FB71A68108700A75B9A /* main.m */; };
		81AB9BB82411601600AC10FF /* LaunchScreen.storyboard in Resources */ = {isa = PBXBuildFile; fileRef = 81AB9BB72411601600AC10FF /* LaunchScreen.storyboard */; };
		90EA2DBBC8F9444ADFBDA50E /* PrivacyInfo.xcprivacy in Resources */ = {isa = PBXBuildFile; fileRef = 13B07FB81A68108700A75B9A /* PrivacyInfo.xcprivacy */; };
		A34768B79A6A200352C0B431 /* libPods-KickstartWeather-KickstartWeatherTests.a in Frameworks */ = {isa = PBXBuildFile; fileRef = DC4AD8FA8E63ACF1143B819F /* libPods-KickstartWeather-KickstartWeatherTests.a */; };
		C11DC83EA332E6649C3F65B6 /* libPods-KickstartWeather.a in Frameworks */ = {isa = PBXBuildFile; fileRef = 5E8FF04955E0636EE92E3CC0 /* libPods-KickstartWeather.a */; };
		AD25FAA32F9E4DA9BC627EF2 /* BarlowCondensed-Black.ttf in Resources */ = {isa = PBXBuildFile; fileRef = 2A4099F5C55840C79CFA5387 /* BarlowCondensed-Black.ttf */; };
		77E0690BB56D44D7B23310C1 /* BarlowCondensed-BlackItalic.ttf in Resources */ = {isa = PBXBuildFile; fileRef = 297FDBC3EEFD4FD9B0EBC5DA /* BarlowCondensed-BlackItalic.ttf */; };
		7A5D4A8988014F8BB0C6F725 /* BarlowCondensed-Bold.ttf in Resources */ = {isa = PBXBuildFile; fileRef = 6652BA1121A846C38E3D905F /* BarlowCondensed-Bold.ttf */; };
		D99AB1323FC649DFB20CAF38 /* BarlowCondensed-BoldItalic.ttf in Resources */ = {isa = PBXBuildFile; fileRef = 380DA8F6807D46248B041004 /* BarlowCondensed-BoldItalic.ttf */; };
		7D7BA0D2DEEC497CB704E17A /* BarlowCondensed-ExtraBold.ttf in Resources */ = {isa = PBXBuildFile; fileRef = 0081CF2E6FEB45A48B28B865 /* BarlowCondensed-ExtraBold.ttf */; };
		CCC0CF5FFD8F46E2B208614A /* BarlowCondensed-ExtraBoldItalic.ttf in Resources */ = {isa = PBXBuildFile; fileRef = 288009A10E404B19B7F355D3 /* BarlowCondensed-ExtraBoldItalic.ttf */; };
		F64DDB05E7624123A9EF55A3 /* BarlowCondensed-ExtraLight.ttf in Resources */ = {isa = PBXBuildFile; fileRef = 7A83AE7CF87A44E88AF1DF6B /* BarlowCondensed-ExtraLight.ttf */; };
		72B8C4ABC2D54A9A850587D8 /* BarlowCondensed-ExtraLightItalic.ttf in Resources */ = {isa = PBXBuildFile; fileRef = D09F9B7A964A411A9020D4ED /* BarlowCondensed-ExtraLightItalic.ttf */; };
		8E959849FD2A4F5F96B8B511 /* BarlowCondensed-Italic.ttf in Resources */ = {isa = PBXBuildFile; fileRef = 824D01AFD77B412C91046778 /* BarlowCondensed-Italic.ttf */; };
		B99E49EBBE3F41E2B0C19025 /* BarlowCondensed-Light.ttf in Resources */ = {isa = PBXBuildFile; fileRef = DB423373812349ACB6AF5B06 /* BarlowCondensed-Light.ttf */; };
		E4CAA328FDAE4131970C2605 /* BarlowCondensed-LightItalic.ttf in Resources */ = {isa = PBXBuildFile; fileRef = 5F376343CD9F46118FE58CBA /* BarlowCondensed-LightItalic.ttf */; };
		835E93BEB2D44DD5BBAC223C /* BarlowCondensed-Medium.ttf in Resources */ = {isa = PBXBuildFile; fileRef = 531BECDFD6A3482D8C4400C9 /* BarlowCondensed-Medium.ttf */; };
		AAE3F75A57C345888184E978 /* BarlowCondensed-MediumItalic.ttf in Resources */ = {isa = PBXBuildFile; fileRef = 4979FC7352EC44499F2E0D64 /* BarlowCondensed-MediumItalic.ttf */; };
		5F7846527A6441C7840CF8F3 /* BarlowCondensed-Regular.ttf in Resources */ = {isa = PBXBuildFile; fileRef = B88700B135C040EA940E19E4 /* BarlowCondensed-Regular.ttf */; };
		7BBF0191919A4B9A90D19722 /* BarlowCondensed-SemiBold.ttf in Resources */ = {isa = PBXBuildFile; fileRef = 7E9C5DA70E5A4F489012242E /* BarlowCondensed-SemiBold.ttf */; };
		D1F4C6819B6C4CC4A2BDEB64 /* BarlowCondensed-SemiBoldItalic.ttf in Resources */ = {isa = PBXBuildFile; fileRef = EE0295CACF05442198B04B64 /* BarlowCondensed-SemiBoldItalic.ttf */; };
		ECCE1910542B4AFD805FE815 /* BarlowCondensed-Thin.ttf in Resources */ = {isa = PBXBuildFile; fileRef = 73B01AC8C4744BAF8D95D51E /* BarlowCondensed-Thin.ttf */; };
		12141F7E1E21429D93DE5777 /* BarlowCondensed-ThinItalic.ttf in Resources */ = {isa = PBXBuildFile; fileRef = 02C0828F650F4AB8BF4C402C /* BarlowCondensed-ThinItalic.ttf */; };
		DEA2C11A62FC479C8FB9400E /* PlusJakartaSans-Italic-VariableFont_wght.ttf in Resources */ = {isa = PBXBuildFile; fileRef = 80349AA16F924B159B995B27 /* PlusJakartaSans-Italic-VariableFont_wght.ttf */; };
		2AC56D3FEC4E4BBAAC651B25 /* PlusJakartaSans-VariableFont_wght.ttf in Resources */ = {isa = PBXBuildFile; fileRef = D41FB91B25FD431888B939EB /* PlusJakartaSans-VariableFont_wght.ttf */; };
		633D607A57D641C08C731375 /* PlusJakartaSans-Bold.ttf in Resources */ = {isa = PBXBuildFile; fileRef = 63F0CAB0CD054CCDADBA78FC /* PlusJakartaSans-Bold.ttf */; };
		620A1748217B4DD8BA84586E /* PlusJakartaSans-BoldItalic.ttf in Resources */ = {isa = PBXBuildFile; fileRef = 2A3BE7423912487D8A0A3DF0 /* PlusJakartaSans-BoldItalic.ttf */; };
		D2A94F6AAB3A4A3D84C966B6 /* PlusJakartaSans-ExtraBold.ttf in Resources */ = {isa = PBXBuildFile; fileRef = E9F4DCFC95BB4AD1852DCF5B /* PlusJakartaSans-ExtraBold.ttf */; };
		91D6CD10A7D74403A2CA25EB /* PlusJakartaSans-ExtraBoldItalic.ttf in Resources */ = {isa = PBXBuildFile; fileRef = E57C9F96D83E41F5B68F598B /* PlusJakartaSans-ExtraBoldItalic.ttf */; };
		7257FB1017034D9983B20650 /* PlusJakartaSans-ExtraLight.ttf in Resources */ = {isa = PBXBuildFile; fileRef = 2961113B6E804EEAAECB60EC /* PlusJakartaSans-ExtraLight.ttf */; };
		51303B5CF7E447A8A137AF13 /* PlusJakartaSans-ExtraLightItalic.ttf in Resources */ = {isa = PBXBuildFile; fileRef = 5C3330AB23954F42995B482E /* PlusJakartaSans-ExtraLightItalic.ttf */; };
		AD8D7243B6794C7B92E57D2D /* PlusJakartaSans-Italic.ttf in Resources */ = {isa = PBXBuildFile; fileRef = 97899BF5A27C4D03986D772D /* PlusJakartaSans-Italic.ttf */; };
		F188EFC6E2B1464F8AFBF69A /* PlusJakartaSans-Light.ttf in Resources */ = {isa = PBXBuildFile; fileRef = 72F6A04DC9D0462FBD3ED229 /* PlusJakartaSans-Light.ttf */; };
		6D1FD236D8E6464ABD887A03 /* PlusJakartaSans-LightItalic.ttf in Resources */ = {isa = PBXBuildFile; fileRef = A6251ABE7CFF4736B3D420EE /* PlusJakartaSans-LightItalic.ttf */; };
		4D4F89AE8C37401F9872D03F /* PlusJakartaSans-Medium.ttf in Resources */ = {isa = PBXBuildFile; fileRef = 950E55FFCFD14C88B9BCFAB3 /* PlusJakartaSans-Medium.ttf */; };
		9C4E440CC9B9490499252E9C /* PlusJakartaSans-MediumItalic.ttf in Resources */ = {isa = PBXBuildFile; fileRef = 58CA2D06C24841F786E3DBF3 /* PlusJakartaSans-MediumItalic.ttf */; };
		DBA318BE0D7146B3B634E79C /* PlusJakartaSans-Regular.ttf in Resources */ = {isa = PBXBuildFile; fileRef = 8E47EDC7BC0B4552821FC5E3 /* PlusJakartaSans-Regular.ttf */; };
		76C47332952742E3B9CA67C3 /* PlusJakartaSans-SemiBold.ttf in Resources */ = {isa = PBXBuildFile; fileRef = 6F6586EC44FC45A09F440E9C /* PlusJakartaSans-SemiBold.ttf */; };
		01D81E8D29204E42A56C6289 /* PlusJakartaSans-SemiBoldItalic.ttf in Resources */ = {isa = PBXBuildFile; fileRef = F3A26BADAFC0424281024510 /* PlusJakartaSans-SemiBoldItalic.ttf */; };
		043D23C9C9CB4B0FA8596ACE /* Righteous-Regular.ttf in Resources */ = {isa = PBXBuildFile; fileRef = BAAEB22ED2E040CEBFCC1AA6 /* Righteous-Regular.ttf */; };
		2C23693A2F6A45A3A438AB64 /* OFL.txt in Resources */ = {isa = PBXBuildFile; fileRef = BFF328BF99BF44DC9E7C0C58 /* OFL.txt */; };
		C89A5BF7D1674F7594DBE9CB /* README.txt in Resources */ = {isa = PBXBuildFile; fileRef = 683FF109D15C4321A4181093 /* README.txt */; };
/* End PBXBuildFile section */

/* Begin PBXContainerItemProxy section */
		00E356F41AD99517003FC87E /* PBXContainerItemProxy */ = {
			isa = PBXContainerItemProxy;
			containerPortal = 83CBB9F71A601CBA00E9B192 /* Project object */;
			proxyType = 1;
			remoteGlobalIDString = 13B07F861A680F5B00A75B9A;
			remoteInfo = KickstartWeather;
		};
/* End PBXContainerItemProxy section */

/* Begin PBXFileReference section */
		00E356EE1AD99517003FC87E /* KickstartWeatherTests.xctest */ = {isa = PBXFileReference; explicitFileType = wrapper.cfbundle; includeInIndex = 0; path = KickstartWeatherTests.xctest; sourceTree = BUILT_PRODUCTS_DIR; };
		00E356F11AD99517003FC87E /* Info.plist */ = {isa = PBXFileReference; lastKnownFileType = text.plist.xml; path = Info.plist; sourceTree = "<group>"; };
		00E356F21AD99517003FC87E /* KickstartWeatherTests.m */ = {isa = PBXFileReference; lastKnownFileType = sourcecode.c.objc; path = KickstartWeatherTests.m; sourceTree = "<group>"; };
		1100C6623030CD597D04254B /* Pods-KickstartWeather-KickstartWeatherTests.debug.xcconfig */ = {isa = PBXFileReference; includeInIndex = 1; lastKnownFileType = text.xcconfig; name = "Pods-KickstartWeather-KickstartWeatherTests.debug.xcconfig"; path = "Target Support Files/Pods-KickstartWeather-KickstartWeatherTests/Pods-KickstartWeather-KickstartWeatherTests.debug.xcconfig"; sourceTree = "<group>"; };
		13B07F961A680F5B00A75B9A /* KickstartWeather.app */ = {isa = PBXFileReference; explicitFileType = wrapper.application; includeInIndex = 0; path = KickstartWeather.app; sourceTree = BUILT_PRODUCTS_DIR; };
		13B07FAF1A68108700A75B9A /* AppDelegate.h */ = {isa = PBXFileReference; fileEncoding = 4; lastKnownFileType = sourcecode.c.h; name = AppDelegate.h; path = KickstartWeather/AppDelegate.h; sourceTree = "<group>"; };
		13B07FB01A68108700A75B9A /* AppDelegate.mm */ = {isa = PBXFileReference; fileEncoding = 4; lastKnownFileType = sourcecode.cpp.objcpp; name = AppDelegate.mm; path = KickstartWeather/AppDelegate.mm; sourceTree = "<group>"; };
		13B07FB51A68108700A75B9A /* Images.xcassets */ = {isa = PBXFileReference; lastKnownFileType = folder.assetcatalog; name = Images.xcassets; path = KickstartWeather/Images.xcassets; sourceTree = "<group>"; };
		13B07FB61A68108700A75B9A /* Info.plist */ = {isa = PBXFileReference; fileEncoding = 4; lastKnownFileType = text.plist.xml; name = Info.plist; path = KickstartWeather/Info.plist; sourceTree = "<group>"; };
		13B07FB71A68108700A75B9A /* main.m */ = {isa = PBXFileReference; fileEncoding = 4; lastKnownFileType = sourcecode.c.objc; name = main.m; path = KickstartWeather/main.m; sourceTree = "<group>"; };
		13B07FB81A68108700A75B9A /* PrivacyInfo.xcprivacy */ = {isa = PBXFileReference; fileEncoding = 4; lastKnownFileType = text.plist.xml; name = PrivacyInfo.xcprivacy; path = KickstartWeather/PrivacyInfo.xcprivacy; sourceTree = "<group>"; };
		2C0A04A7A8577FEBD3E4E354 /* Pods-KickstartWeather-KickstartWeatherTests.release.xcconfig */ = {isa = PBXFileReference; includeInIndex = 1; lastKnownFileType = text.xcconfig; name = "Pods-KickstartWeather-KickstartWeatherTests.release.xcconfig"; path = "Target Support Files/Pods-KickstartWeather-KickstartWeatherTests/Pods-KickstartWeather-KickstartWeatherTests.release.xcconfig"; sourceTree = "<group>"; };
		5E8FF04955E0636EE92E3CC0 /* libPods-KickstartWeather.a */ = {isa = PBXFileReference; explicitFileType = archive.ar; includeInIndex = 0; path = "libPods-KickstartWeather.a"; sourceTree = BUILT_PRODUCTS_DIR; };
		81AB9BB72411601600AC10FF /* LaunchScreen.storyboard */ = {isa = PBXFileReference; fileEncoding = 4; lastKnownFileType = file.storyboard; name = LaunchScreen.storyboard; path = KickstartWeather/LaunchScreen.storyboard; sourceTree = "<group>"; };
		AC4DA1A4D068D443DBB276AB /* Pods-KickstartWeather.debug.xcconfig */ = {isa = PBXFileReference; includeInIndex = 1; lastKnownFileType = text.xcconfig; name = "Pods-KickstartWeather.debug.xcconfig"; path = "Target Support Files/Pods-KickstartWeather/Pods-KickstartWeather.debug.xcconfig"; sourceTree = "<group>"; };
		CE70B513165FAE0D88C3F3BA /* Pods-KickstartWeather.release.xcconfig */ = {isa = PBXFileReference; includeInIndex = 1; lastKnownFileType = text.xcconfig; name = "Pods-KickstartWeather.release.xcconfig"; path = "Target Support Files/Pods-KickstartWeather/Pods-KickstartWeather.release.xcconfig"; sourceTree = "<group>"; };
		DC4AD8FA8E63ACF1143B819F /* libPods-KickstartWeather-KickstartWeatherTests.a */ = {isa = PBXFileReference; explicitFileType = archive.ar; includeInIndex = 0; path = "libPods-KickstartWeather-KickstartWeatherTests.a"; sourceTree = BUILT_PRODUCTS_DIR; };
		ED297162215061F000B7C4FE /* JavaScriptCore.framework */ = {isa = PBXFileReference; lastKnownFileType = wrapper.framework; name = JavaScriptCore.framework; path = System/Library/Frameworks/JavaScriptCore.framework; sourceTree = SDKROOT; };
		2A4099F5C55840C79CFA5387 /* BarlowCondensed-Black.ttf */ = {isa = PBXFileReference; name = "BarlowCondensed-Black.ttf"; path = "../assets/fonts/Barlow Condensed/BarlowCondensed-Black.ttf"; sourceTree = "<group>"; fileEncoding = undefined; lastKnownFileType = unknown; explicitFileType = undefined; includeInIndex = 0; };
		297FDBC3EEFD4FD9B0EBC5DA /* BarlowCondensed-BlackItalic.ttf */ = {isa = PBXFileReference; name = "BarlowCondensed-BlackItalic.ttf"; path = "../assets/fonts/Barlow Condensed/BarlowCondensed-BlackItalic.ttf"; sourceTree = "<group>"; fileEncoding = undefined; lastKnownFileType = unknown; explicitFileType = undefined; includeInIndex = 0; };
		6652BA1121A846C38E3D905F /* BarlowCondensed-Bold.ttf */ = {isa = PBXFileReference; name = "BarlowCondensed-Bold.ttf"; path = "../assets/fonts/Barlow Condensed/BarlowCondensed-Bold.ttf"; sourceTree = "<group>"; fileEncoding = undefined; lastKnownFileType = unknown; explicitFileType = undefined; includeInIndex = 0; };
		380DA8F6807D46248B041004 /* BarlowCondensed-BoldItalic.ttf */ = {isa = PBXFileReference; name = "BarlowCondensed-BoldItalic.ttf"; path = "../assets/fonts/Barlow Condensed/BarlowCondensed-BoldItalic.ttf"; sourceTree = "<group>"; fileEncoding = undefined; lastKnownFileType = unknown; explicitFileType = undefined; includeInIndex = 0; };
		0081CF2E6FEB45A48B28B865 /* BarlowCondensed-ExtraBold.ttf */ = {isa = PBXFileReference; name = "BarlowCondensed-ExtraBold.ttf"; path = "../assets/fonts/Barlow Condensed/BarlowCondensed-ExtraBold.ttf"; sourceTree = "<group>"; fileEncoding = undefined; lastKnownFileType = unknown; explicitFileType = undefined; includeInIndex = 0; };
		288009A10E404B19B7F355D3 /* BarlowCondensed-ExtraBoldItalic.ttf */ = {isa = PBXFileReference; name = "BarlowCondensed-ExtraBoldItalic.ttf"; path = "../assets/fonts/Barlow Condensed/BarlowCondensed-ExtraBoldItalic.ttf"; sourceTree = "<group>"; fileEncoding = undefined; lastKnownFileType = unknown; explicitFileType = undefined; includeInIndex = 0; };
		7A83AE7CF87A44E88AF1DF6B /* BarlowCondensed-ExtraLight.ttf */ = {isa = PBXFileReference; name = "BarlowCondensed-ExtraLight.ttf"; path = "../assets/fonts/Barlow Condensed/BarlowCondensed-ExtraLight.ttf"; sourceTree = "<group>"; fileEncoding = undefined; lastKnownFileType = unknown; explicitFileType = undefined; includeInIndex = 0; };
		D09F9B7A964A411A9020D4ED /* BarlowCondensed-ExtraLightItalic.ttf */ = {isa = PBXFileReference; name = "BarlowCondensed-ExtraLightItalic.ttf"; path = "../assets/fonts/Barlow Condensed/BarlowCondensed-ExtraLightItalic.ttf"; sourceTree = "<group>"; fileEncoding = undefined; lastKnownFileType = unknown; explicitFileType = undefined; includeInIndex = 0; };
		824D01AFD77B412C91046778 /* BarlowCondensed-Italic.ttf */ = {isa = PBXFileReference; name = "BarlowCondensed-Italic.ttf"; path = "../assets/fonts/Barlow Condensed/BarlowCondensed-Italic.ttf"; sourceTree = "<group>"; fileEncoding = undefined; lastKnownFileType = unknown; explicitFileType = undefined; includeInIndex = 0; };
		DB423373812349ACB6AF5B06 /* BarlowCondensed-Light.ttf */ = {isa = PBXFileReference; name = "BarlowCondensed-Light.ttf"; path = "../assets/fonts/Barlow Condensed/BarlowCondensed-Light.ttf"; sourceTree = "<group>"; fileEncoding = undefined; lastKnownFileType = unknown; explicitFileType = undefined; includeInIndex = 0; };
		5F376343CD9F46118FE58CBA /* BarlowCondensed-LightItalic.ttf */ = {isa = PBXFileReference; name = "BarlowCondensed-LightItalic.ttf"; path = "../assets/fonts/Barlow Condensed/BarlowCondensed-LightItalic.ttf"; sourceTree = "<group>"; fileEncoding = undefined; lastKnownFileType = unknown; explicitFileType = undefined; includeInIndex = 0; };
		531BECDFD6A3482D8C4400C9 /* BarlowCondensed-Medium.ttf */ = {isa = PBXFileReference; name = "BarlowCondensed-Medium.ttf"; path = "../assets/fonts/Barlow Condensed/BarlowCondensed-Medium.ttf"; sourceTree = "<group>"; fileEncoding = undefined; lastKnownFileType = unknown; explicitFileType = undefined; includeInIndex = 0; };
		4979FC7352EC44499F2E0D64 /* BarlowCondensed-MediumItalic.ttf */ = {isa = PBXFileReference; name = "BarlowCondensed-MediumItalic.ttf"; path = "../assets/fonts/Barlow Condensed/BarlowCondensed-MediumItalic.ttf"; sourceTree = "<group>"; fileEncoding = undefined; lastKnownFileType = unknown; explicitFileType = undefined; includeInIndex = 0; };
		B88700B135C040EA940E19E4 /* BarlowCondensed-Regular.ttf */ = {isa = PBXFileReference; name = "BarlowCondensed-Regular.ttf"; path = "../assets/fonts/Barlow Condensed/BarlowCondensed-Regular.ttf"; sourceTree = "<group>"; fileEncoding = undefined; lastKnownFileType = unknown; explicitFileType = undefined; includeInIndex = 0; };
		7E9C5DA70E5A4F489012242E /* BarlowCondensed-SemiBold.ttf */ = {isa = PBXFileReference; name = "BarlowCondensed-SemiBold.ttf"; path = "../assets/fonts/Barlow Condensed/BarlowCondensed-SemiBold.ttf"; sourceTree = "<group>"; fileEncoding = undefined; lastKnownFileType = unknown; explicitFileType = undefined; includeInIndex = 0; };
		EE0295CACF05442198B04B64 /* BarlowCondensed-SemiBoldItalic.ttf */ = {isa = PBXFileReference; name = "BarlowCondensed-SemiBoldItalic.ttf"; path = "../assets/fonts/Barlow Condensed/BarlowCondensed-SemiBoldItalic.ttf"; sourceTree = "<group>"; fileEncoding = undefined; lastKnownFileType = unknown; explicitFileType = undefined; includeInIndex = 0; };
		73B01AC8C4744BAF8D95D51E /* BarlowCondensed-Thin.ttf */ = {isa = PBXFileReference; name = "BarlowCondensed-Thin.ttf"; path = "../assets/fonts/Barlow Condensed/BarlowCondensed-Thin.ttf"; sourceTree = "<group>"; fileEncoding = undefined; lastKnownFileType = unknown; explicitFileType = undefined; includeInIndex = 0; };
		02C0828F650F4AB8BF4C402C /* BarlowCondensed-ThinItalic.ttf */ = {isa = PBXFileReference; name = "BarlowCondensed-ThinItalic.ttf"; path = "../assets/fonts/Barlow Condensed/BarlowCondensed-ThinItalic.ttf"; sourceTree = "<group>"; fileEncoding = undefined; lastKnownFileType = unknown; explicitFileType = undefined; includeInIndex = 0; };
		80349AA16F924B159B995B27 /* PlusJakartaSans-Italic-VariableFont_wght.ttf */ = {isa = PBXFileReference; name = "PlusJakartaSans-Italic-VariableFont_wght.ttf"; path = "../assets/fonts/Plus Jakarta Sans/PlusJakartaSans-Italic-VariableFont_wght.ttf"; sourceTree = "<group>"; fileEncoding = undefined; lastKnownFileType = unknown; explicitFileType = undefined; includeInIndex = 0; };
		D41FB91B25FD431888B939EB /* PlusJakartaSans-VariableFont_wght.ttf */ = {isa = PBXFileReference; name = "PlusJakartaSans-VariableFont_wght.ttf"; path = "../assets/fonts/Plus Jakarta Sans/PlusJakartaSans-VariableFont_wght.ttf"; sourceTree = "<group>"; fileEncoding = undefined; lastKnownFileType = unknown; explicitFileType = undefined; includeInIndex = 0; };
		63F0CAB0CD054CCDADBA78FC /* PlusJakartaSans-Bold.ttf */ = {isa = PBXFileReference; name = "PlusJakartaSans-Bold.ttf"; path = "../assets/fonts/Plus Jakarta Sans/static/PlusJakartaSans-Bold.ttf"; sourceTree = "<group>"; fileEncoding = undefined; lastKnownFileType = unknown; explicitFileType = undefined; includeInIndex = 0; };
		2A3BE7423912487D8A0A3DF0 /* PlusJakartaSans-BoldItalic.ttf */ = {isa = PBXFileReference; name = "PlusJakartaSans-BoldItalic.ttf"; path = "../assets/fonts/Plus Jakarta Sans/static/PlusJakartaSans-BoldItalic.ttf"; sourceTree = "<group>"; fileEncoding = undefined; lastKnownFileType = unknown; explicitFileType = undefined; includeInIndex = 0; };
		E9F4DCFC95BB4AD1852DCF5B /* PlusJakartaSans-ExtraBold.ttf */ = {isa = PBXFileReference; name = "PlusJakartaSans-ExtraBold.ttf"; path = "../assets/fonts/Plus Jakarta Sans/static/PlusJakartaSans-ExtraBold.ttf"; sourceTree = "<group>"; fileEncoding = undefined; lastKnownFileType = unknown; explicitFileType = undefined; includeInIndex = 0; };
		E57C9F96D83E41F5B68F598B /* PlusJakartaSans-ExtraBoldItalic.ttf */ = {isa = PBXFileReference; name = "PlusJakartaSans-ExtraBoldItalic.ttf"; path = "../assets/fonts/Plus Jakarta Sans/static/PlusJakartaSans-ExtraBoldItalic.ttf"; sourceTree = "<group>"; fileEncoding = undefined; lastKnownFileType = unknown; explicitFileType = undefined; includeInIndex = 0; };
		2961113B6E804EEAAECB60EC /* PlusJakartaSans-ExtraLight.ttf */ = {isa = PBXFileReference; name = "PlusJakartaSans-ExtraLight.ttf"; path = "../assets/fonts/Plus Jakarta Sans/static/PlusJakartaSans-ExtraLight.ttf"; sourceTree = "<group>"; fileEncoding = undefined; lastKnownFileType = unknown; explicitFileType = undefined; includeInIndex = 0; };
		5C3330AB23954F42995B482E /* PlusJakartaSans-ExtraLightItalic.ttf */ = {isa = PBXFileReference; name = "PlusJakartaSans-ExtraLightItalic.ttf"; path = "../assets/fonts/Plus Jakarta Sans/static/PlusJakartaSans-ExtraLightItalic.ttf"; sourceTree = "<group>"; fileEncoding = undefined; lastKnownFileType = unknown; explicitFileType = undefined; includeInIndex = 0; };
		97899BF5A27C4D03986D772D /* PlusJakartaSans-Italic.ttf */ = {isa = PBXFileReference; name = "PlusJakartaSans-Italic.ttf"; path = "../assets/fonts/Plus Jakarta Sans/static/PlusJakartaSans-Italic.ttf"; sourceTree = "<group>"; fileEncoding = undefined; lastKnownFileType = unknown; explicitFileType = undefined; includeInIndex = 0; };
		72F6A04DC9D0462FBD3ED229 /* PlusJakartaSans-Light.ttf */ = {isa = PBXFileReference; name = "PlusJakartaSans-Light.ttf"; path = "../assets/fonts/Plus Jakarta Sans/static/PlusJakartaSans-Light.ttf"; sourceTree = "<group>"; fileEncoding = undefined; lastKnownFileType = unknown; explicitFileType = undefined; includeInIndex = 0; };
		A6251ABE7CFF4736B3D420EE /* PlusJakartaSans-LightItalic.ttf */ = {isa = PBXFileReference; name = "PlusJakartaSans-LightItalic.ttf"; path = "../assets/fonts/Plus Jakarta Sans/static/PlusJakartaSans-LightItalic.ttf"; sourceTree = "<group>"; fileEncoding = undefined; lastKnownFileType = unknown; explicitFileType = undefined; includeInIndex = 0; };
		950E55FFCFD14C88B9BCFAB3 /* PlusJakartaSans-Medium.ttf */ = {isa = PBXFileReference; name = "PlusJakartaSans-Medium.ttf"; path = "../assets/fonts/Plus Jakarta Sans/static/PlusJakartaSans-Medium.ttf"; sourceTree = "<group>"; fileEncoding = undefined; lastKnownFileType = unknown; explicitFileType = undefined; includeInIndex = 0; };
		58CA2D06C24841F786E3DBF3 /* PlusJakartaSans-MediumItalic.ttf */ = {isa = PBXFileReference; name = "PlusJakartaSans-MediumItalic.ttf"; path = "../assets/fonts/Plus Jakarta Sans/static/PlusJakartaSans-MediumItalic.ttf"; sourceTree = "<group>"; fileEncoding = undefined; lastKnownFileType = unknown; explicitFileType = undefined; includeInIndex = 0; };
		8E47EDC7BC0B4552821FC5E3 /* PlusJakartaSans-Regular.ttf */ = {isa = PBXFileReference; name = "PlusJakartaSans-Regular.ttf"; path = "../assets/fonts/Plus Jakarta Sans/static/PlusJakartaSans-Regular.ttf"; sourceTree = "<group>"; fileEncoding = undefined; lastKnownFileType = unknown; explicitFileType = undefined; includeInIndex = 0; };
		6F6586EC44FC45A09F440E9C /* PlusJakartaSans-SemiBold.ttf */ = {isa = PBXFileReference; name = "PlusJakartaSans-SemiBold.ttf"; path = "../assets/fonts/Plus Jakarta Sans/static/PlusJakartaSans-SemiBold.ttf"; sourceTree = "<group>"; fileEncoding = undefined; lastKnownFileType = unknown; explicitFileType = undefined; includeInIndex = 0; };
		F3A26BADAFC0424281024510 /* PlusJakartaSans-SemiBoldItalic.ttf */ = {isa = PBXFileReference; name = "PlusJakartaSans-SemiBoldItalic.ttf"; path = "../assets/fonts/Plus Jakarta Sans/static/PlusJakartaSans-SemiBoldItalic.ttf"; sourceTree = "<group>"; fileEncoding = undefined; lastKnownFileType = unknown; explicitFileType = undefined; includeInIndex = 0; };
		BAAEB22ED2E040CEBFCC1AA6 /* Righteous-Regular.ttf */ = {isa = PBXFileReference; name = "Righteous-Regular.ttf"; path = "../assets/fonts/Righteous/Righteous-Regular.ttf"; sourceTree = "<group>"; fileEncoding = undefined; lastKnownFileType = unknown; explicitFileType = undefined; includeInIndex = 0; };
		BFF328BF99BF44DC9E7C0C58 /* OFL.txt */ = {isa = PBXFileReference; name = "OFL.txt"; path = "../assets/fonts/Barlow Condensed/OFL.txt"; sourceTree = "<group>"; fileEncoding = undefined; lastKnownFileType = unknown; explicitFileType = undefined; includeInIndex = 0; };
		683FF109D15C4321A4181093 /* README.txt */ = {isa = PBXFileReference; name = "README.txt"; path = "../assets/fonts/Plus Jakarta Sans/README.txt"; sourceTree = "<group>"; fileEncoding = undefined; lastKnownFileType = unknown; explicitFileType = undefined; includeInIndex = 0; };
/* End PBXFileReference section */

/* Begin PBXFrameworksBuildPhase section */
		00E356EB1AD99517003FC87E /* Frameworks */ = {
			isa = PBXFrameworksBuildPhase;
			buildActionMask = 2147483647;
			files = (
				A34768B79A6A200352C0B431 /* libPods-KickstartWeather-KickstartWeatherTests.a in Frameworks */,
			);
			runOnlyForDeploymentPostprocessing = 0;
		};
		13B07F8C1A680F5B00A75B9A /* Frameworks */ = {
			isa = PBXFrameworksBuildPhase;
			buildActionMask = 2147483647;
			files = (
				C11DC83EA332E6649C3F65B6 /* libPods-KickstartWeather.a in Frameworks */,
			);
			runOnlyForDeploymentPostprocessing = 0;
		};
/* End PBXFrameworksBuildPhase section */

/* Begin PBXGroup section */
		00E356EF1AD99517003FC87E /* KickstartWeatherTests */ = {
			isa = PBXGroup;
			children = (
				00E356F21AD99517003FC87E /* KickstartWeatherTests.m */,
				00E356F01AD99517003FC87E /* Supporting Files */,
			);
			path = KickstartWeatherTests;
			sourceTree = "<group>";
		};
		00E356F01AD99517003FC87E /* Supporting Files */ = {
			isa = PBXGroup;
			children = (
				00E356F11AD99517003FC87E /* Info.plist */,
			);
			name = "Supporting Files";
			sourceTree = "<group>";
		};
		13B07FAE1A68108700A75B9A /* KickstartWeather */ = {
			isa = PBXGroup;
			children = (
				13B07FAF1A68108700A75B9A /* AppDelegate.h */,
				13B07FB01A68108700A75B9A /* AppDelegate.mm */,
				13B07FB51A68108700A75B9A /* Images.xcassets */,
				13B07FB61A68108700A75B9A /* Info.plist */,
				81AB9BB72411601600AC10FF /* LaunchScreen.storyboard */,
				13B07FB71A68108700A75B9A /* main.m */,
				13B07FB81A68108700A75B9A /* PrivacyInfo.xcprivacy */,
			);
			name = KickstartWeather;
			sourceTree = "<group>";
		};
		2D16E6871FA4F8E400B85C8A /* Frameworks */ = {
			isa = PBXGroup;
			children = (
				ED297162215061F000B7C4FE /* JavaScriptCore.framework */,
				5E8FF04955E0636EE92E3CC0 /* libPods-KickstartWeather.a */,
				DC4AD8FA8E63ACF1143B819F /* libPods-KickstartWeather-KickstartWeatherTests.a */,
			);
			name = Frameworks;
			sourceTree = "<group>";
		};
		832341AE1AAA6A7D00B99B32 /* Libraries */ = {
			isa = PBXGroup;
			children = (
			);
			name = Libraries;
			sourceTree = "<group>";
		};
		83CBB9F61A601CBA00E9B192 = {
			isa = PBXGroup;
			children = (
				13B07FAE1A68108700A75B9A /* KickstartWeather */,
				832341AE1AAA6A7D00B99B32 /* Libraries */,
				00E356EF1AD99517003FC87E /* KickstartWeatherTests */,
				83CBBA001A601CBA00E9B192 /* Products */,
				2D16E6871FA4F8E400B85C8A /* Frameworks */,
				BBD78D7AC51CEA395F1C20DB /* Pods */,
				82CD1EAB21A74A04A5274CCD /* Resources */,
			);
			indentWidth = 2;
			sourceTree = "<group>";
			tabWidth = 2;
			usesTabs = 0;
		};
		83CBBA001A601CBA00E9B192 /* Products */ = {
			isa = PBXGroup;
			children = (
				13B07F961A680F5B00A75B9A /* KickstartWeather.app */,
				00E356EE1AD99517003FC87E /* KickstartWeatherTests.xctest */,
			);
			name = Products;
			sourceTree = "<group>";
		};
		BBD78D7AC51CEA395F1C20DB /* Pods */ = {
			isa = PBXGroup;
			children = (
				AC4DA1A4D068D443DBB276AB /* Pods-KickstartWeather.debug.xcconfig */,
				CE70B513165FAE0D88C3F3BA /* Pods-KickstartWeather.release.xcconfig */,
				1100C6623030CD597D04254B /* Pods-KickstartWeather-KickstartWeatherTests.debug.xcconfig */,
				2C0A04A7A8577FEBD3E4E354 /* Pods-KickstartWeather-KickstartWeatherTests.release.xcconfig */,
			);
			path = Pods;
			sourceTree = "<group>";
		};
		82CD1EAB21A74A04A5274CCD /* Resources */ = {
			isa = "PBXGroup";
			children = (
				2A4099F5C55840C79CFA5387 /* BarlowCondensed-Black.ttf */,
				297FDBC3EEFD4FD9B0EBC5DA /* BarlowCondensed-BlackItalic.ttf */,
				6652BA1121A846C38E3D905F /* BarlowCondensed-Bold.ttf */,
				380DA8F6807D46248B041004 /* BarlowCondensed-BoldItalic.ttf */,
				0081CF2E6FEB45A48B28B865 /* BarlowCondensed-ExtraBold.ttf */,
				288009A10E404B19B7F355D3 /* BarlowCondensed-ExtraBoldItalic.ttf */,
				7A83AE7CF87A44E88AF1DF6B /* BarlowCondensed-ExtraLight.ttf */,
				D09F9B7A964A411A9020D4ED /* BarlowCondensed-ExtraLightItalic.ttf */,
				824D01AFD77B412C91046778 /* BarlowCondensed-Italic.ttf */,
				DB423373812349ACB6AF5B06 /* BarlowCondensed-Light.ttf */,
				5F376343CD9F46118FE58CBA /* BarlowCondensed-LightItalic.ttf */,
				531BECDFD6A3482D8C4400C9 /* BarlowCondensed-Medium.ttf */,
				4979FC7352EC44499F2E0D64 /* BarlowCondensed-MediumItalic.ttf */,
				B88700B135C040EA940E19E4 /* BarlowCondensed-Regular.ttf */,
				7E9C5DA70E5A4F489012242E /* BarlowCondensed-SemiBold.ttf */,
				EE0295CACF05442198B04B64 /* BarlowCondensed-SemiBoldItalic.ttf */,
				73B01AC8C4744BAF8D95D51E /* BarlowCondensed-Thin.ttf */,
				02C0828F650F4AB8BF4C402C /* BarlowCondensed-ThinItalic.ttf */,
				80349AA16F924B159B995B27 /* PlusJakartaSans-Italic-VariableFont_wght.ttf */,
				D41FB91B25FD431888B939EB /* PlusJakartaSans-VariableFont_wght.ttf */,
				63F0CAB0CD054CCDADBA78FC /* PlusJakartaSans-Bold.ttf */,
				2A3BE7423912487D8A0A3DF0 /* PlusJakartaSans-BoldItalic.ttf */,
				E9F4DCFC95BB4AD1852DCF5B /* PlusJakartaSans-ExtraBold.ttf */,
				E57C9F96D83E41F5B68F598B /* PlusJakartaSans-ExtraBoldItalic.ttf */,
				2961113B6E804EEAAECB60EC /* PlusJakartaSans-ExtraLight.ttf */,
				5C3330AB23954F42995B482E /* PlusJakartaSans-ExtraLightItalic.ttf */,
				97899BF5A27C4D03986D772D /* PlusJakartaSans-Italic.ttf */,
				72F6A04DC9D0462FBD3ED229 /* PlusJakartaSans-Light.ttf */,
				A6251ABE7CFF4736B3D420EE /* PlusJakartaSans-LightItalic.ttf */,
				950E55FFCFD14C88B9BCFAB3 /* PlusJakartaSans-Medium.ttf */,
				58CA2D06C24841F786E3DBF3 /* PlusJakartaSans-MediumItalic.ttf */,
				8E47EDC7BC0B4552821FC5E3 /* PlusJakartaSans-Regular.ttf */,
				6F6586EC44FC45A09F440E9C /* PlusJakartaSans-SemiBold.ttf */,
				F3A26BADAFC0424281024510 /* PlusJakartaSans-SemiBoldItalic.ttf */,
				BAAEB22ED2E040CEBFCC1AA6 /* Righteous-Regular.ttf */,
				BFF328BF99BF44DC9E7C0C58 /* OFL.txt */,
				683FF109D15C4321A4181093 /* README.txt */,
			);
			name = Resources;
			sourceTree = "<group>";
			path = "";
		};
/* End PBXGroup section */

/* Begin PBXNativeTarget section */
		00E356ED1AD99517003FC87E /* KickstartWeatherTests */ = {
			isa = PBXNativeTarget;
			buildConfigurationList = 00E357021AD99517003FC87E /* Build configuration list for PBXNativeTarget "KickstartWeatherTests" */;
			buildPhases = (
				43182C78F8CA2A6923617AF0 /* [CP] Check Pods Manifest.lock */,
				00E356EA1AD99517003FC87E /* Sources */,
				00E356EB1AD99517003FC87E /* Frameworks */,
				00E356EC1AD99517003FC87E /* Resources */,
				4D7B1F5296D3F303B0CA11AB /* [CP] Embed Pods Frameworks */,
				3856F8AC097CACA7B9640804 /* [CP] Copy Pods Resources */,
			);
			buildRules = (
			);
			dependencies = (
				00E356F51AD99517003FC87E /* PBXTargetDependency */,
			);
			name = KickstartWeatherTests;
			productName = KickstartWeatherTests;
			productReference = 00E356EE1AD99517003FC87E /* KickstartWeatherTests.xctest */;
			productType = "com.apple.product-type.bundle.unit-test";
		};
		13B07F861A680F5B00A75B9A /* KickstartWeather */ = {
			isa = PBXNativeTarget;
			buildConfigurationList = 13B07F931A680F5B00A75B9A /* Build configuration list for PBXNativeTarget "KickstartWeather" */;
			buildPhases = (
				2AF71D71A2A695294AFA6273 /* [CP] Check Pods Manifest.lock */,
				13B07F871A680F5B00A75B9A /* Sources */,
				13B07F8C1A680F5B00A75B9A /* Frameworks */,
				13B07F8E1A680F5B00A75B9A /* Resources */,
				00DD1BFF1BD5951E006B06BC /* Bundle React Native code and images */,
				0D3232648BB2EE2771346EC5 /* [CP] Embed Pods Frameworks */,
				793B01458929B6E5279940A2 /* [CP] Copy Pods Resources */,
			);
			buildRules = (
			);
			dependencies = (
			);
			name = KickstartWeather;
			productName = KickstartWeather;
			productReference = 13B07F961A680F5B00A75B9A /* KickstartWeather.app */;
			productType = "com.apple.product-type.application";
		};
/* End PBXNativeTarget section */

/* Begin PBXProject section */
		83CBB9F71A601CBA00E9B192 /* Project object */ = {
			isa = PBXProject;
			attributes = {
				LastUpgradeCheck = 1210;
				TargetAttributes = {
					00E356ED1AD99517003FC87E = {
						CreatedOnToolsVersion = 6.2;
						TestTargetID = 13B07F861A680F5B00A75B9A;
					};
					13B07F861A680F5B00A75B9A = {
						LastSwiftMigration = 1120;
					};
				};
			};
			buildConfigurationList = 83CBB9FA1A601CBA00E9B192 /* Build configuration list for PBXProject "KickstartWeather" */;
			developmentRegion = en;
			hasScannedForEncodings = 0;
			knownRegions = (
				en,
				Base,
			);
			mainGroup = 83CBB9F61A601CBA00E9B192;
			preferredProjectObjectVersion = 77;
			productRefGroup = 83CBBA001A601CBA00E9B192 /* Products */;
			projectDirPath = "";
			projectRoot = "";
			targets = (
				13B07F861A680F5B00A75B9A /* KickstartWeather */,
				00E356ED1AD99517003FC87E /* KickstartWeatherTests */,
			);
		};
/* End PBXProject section */

/* Begin PBXResourcesBuildPhase section */
		00E356EC1AD99517003FC87E /* Resources */ = {
			isa = PBXResourcesBuildPhase;
			buildActionMask = 2147483647;
			files = (
			);
			runOnlyForDeploymentPostprocessing = 0;
		};
		13B07F8E1A680F5B00A75B9A /* Resources */ = {
			isa = PBXResourcesBuildPhase;
			buildActionMask = 2147483647;
			files = (
				81AB9BB82411601600AC10FF /* LaunchScreen.storyboard in Resources */,
				13B07FBF1A68108700A75B9A /* Images.xcassets in Resources */,
				90EA2DBBC8F9444ADFBDA50E /* PrivacyInfo.xcprivacy in Resources */,
				AD25FAA32F9E4DA9BC627EF2 /* BarlowCondensed-Black.ttf in Resources */,
				77E0690BB56D44D7B23310C1 /* BarlowCondensed-BlackItalic.ttf in Resources */,
				7A5D4A8988014F8BB0C6F725 /* BarlowCondensed-Bold.ttf in Resources */,
				D99AB1323FC649DFB20CAF38 /* BarlowCondensed-BoldItalic.ttf in Resources */,
				7D7BA0D2DEEC497CB704E17A /* BarlowCondensed-ExtraBold.ttf in Resources */,
				CCC0CF5FFD8F46E2B208614A /* BarlowCondensed-ExtraBoldItalic.ttf in Resources */,
				F64DDB05E7624123A9EF55A3 /* BarlowCondensed-ExtraLight.ttf in Resources */,
				72B8C4ABC2D54A9A850587D8 /* BarlowCondensed-ExtraLightItalic.ttf in Resources */,
				8E959849FD2A4F5F96B8B511 /* BarlowCondensed-Italic.ttf in Resources */,
				B99E49EBBE3F41E2B0C19025 /* BarlowCondensed-Light.ttf in Resources */,
				E4CAA328FDAE4131970C2605 /* BarlowCondensed-LightItalic.ttf in Resources */,
				835E93BEB2D44DD5BBAC223C /* BarlowCondensed-Medium.ttf in Resources */,
				AAE3F75A57C345888184E978 /* BarlowCondensed-MediumItalic.ttf in Resources */,
				5F7846527A6441C7840CF8F3 /* BarlowCondensed-Regular.ttf in Resources */,
				7BBF0191919A4B9A90D19722 /* BarlowCondensed-SemiBold.ttf in Resources */,
				D1F4C6819B6C4CC4A2BDEB64 /* BarlowCondensed-SemiBoldItalic.ttf in Resources */,
				ECCE1910542B4AFD805FE815 /* BarlowCondensed-Thin.ttf in Resources */,
				12141F7E1E21429D93DE5777 /* BarlowCondensed-ThinItalic.ttf in Resources */,
				DEA2C11A62FC479C8FB9400E /* PlusJakartaSans-Italic-VariableFont_wght.ttf in Resources */,
				2AC56D3FEC4E4BBAAC651B25 /* PlusJakartaSans-VariableFont_wght.ttf in Resources */,
				633D607A57D641C08C731375 /* PlusJakartaSans-Bold.ttf in Resources */,
				620A1748217B4DD8BA84586E /* PlusJakartaSans-BoldItalic.ttf in Resources */,
				D2A94F6AAB3A4A3D84C966B6 /* PlusJakartaSans-ExtraBold.ttf in Resources */,
				91D6CD10A7D74403A2CA25EB /* PlusJakartaSans-ExtraBoldItalic.ttf in Resources */,
				7257FB1017034D9983B20650 /* PlusJakartaSans-ExtraLight.ttf in Resources */,
				51303B5CF7E447A8A137AF13 /* PlusJakartaSans-ExtraLightItalic.ttf in Resources */,
				AD8D7243B6794C7B92E57D2D /* PlusJakartaSans-Italic.ttf in Resources */,
				F188EFC6E2B1464F8AFBF69A /* PlusJakartaSans-Light.ttf in Resources */,
				6D1FD236D8E6464ABD887A03 /* PlusJakartaSans-LightItalic.ttf in Resources */,
				4D4F89AE8C37401F9872D03F /* PlusJakartaSans-Medium.ttf in Resources */,
				9C4E440CC9B9490499252E9C /* PlusJakartaSans-MediumItalic.ttf in Resources */,
				DBA318BE0D7146B3B634E79C /* PlusJakartaSans-Regular.ttf in Resources */,
				76C47332952742E3B9CA67C3 /* PlusJakartaSans-SemiBold.ttf in Resources */,
				01D81E8D29204E42A56C6289 /* PlusJakartaSans-SemiBoldItalic.ttf in Resources */,
				043D23C9C9CB4B0FA8596ACE /* Righteous-Regular.ttf in Resources */,
				2C23693A2F6A45A3A438AB64 /* OFL.txt in Resources */,
				C89A5BF7D1674F7594DBE9CB /* README.txt in Resources */,
			);
			runOnlyForDeploymentPostprocessing = 0;
		};
/* End PBXResourcesBuildPhase section */

/* Begin PBXShellScriptBuildPhase section */
		00DD1BFF1BD5951E006B06BC /* Bundle React Native code and images */ = {
			isa = PBXShellScriptBuildPhase;
			buildActionMask = 2147483647;
			files = (
			);
			inputPaths = (
				"$(SRCROOT)/.xcode.env.local",
				"$(SRCROOT)/.xcode.env",
			);
			name = "Bundle React Native code and images";
			outputPaths = (
			);
			runOnlyForDeploymentPostprocessing = 0;
			shellPath = /bin/sh;
			shellScript = "set -e\n\nWITH_ENVIRONMENT=\"$REACT_NATIVE_PATH/scripts/xcode/with-environment.sh\"\nREACT_NATIVE_XCODE=\"$REACT_NATIVE_PATH/scripts/react-native-xcode.sh\"\n\n/bin/sh -c \"$WITH_ENVIRONMENT $REACT_NATIVE_XCODE\"\n\n../node_modules/react-native-vector-image/strip_svgs.sh\n";
		};
		0D3232648BB2EE2771346EC5 /* [CP] Embed Pods Frameworks */ = {
			isa = PBXShellScriptBuildPhase;
			buildActionMask = 2147483647;
			files = (
			);
			inputFileListPaths = (
				"${PODS_ROOT}/Target Support Files/Pods-KickstartWeather/Pods-KickstartWeather-frameworks-${CONFIGURATION}-input-files.xcfilelist",
			);
			name = "[CP] Embed Pods Frameworks";
			outputFileListPaths = (
				"${PODS_ROOT}/Target Support Files/Pods-KickstartWeather/Pods-KickstartWeather-frameworks-${CONFIGURATION}-output-files.xcfilelist",
			);
			runOnlyForDeploymentPostprocessing = 0;
			shellPath = /bin/sh;
			shellScript = "\"${PODS_ROOT}/Target Support Files/Pods-KickstartWeather/Pods-KickstartWeather-frameworks.sh\"\n";
			showEnvVarsInLog = 0;
		};
		2AF71D71A2A695294AFA6273 /* [CP] Check Pods Manifest.lock */ = {
			isa = PBXShellScriptBuildPhase;
			buildActionMask = 2147483647;
			files = (
			);
			inputFileListPaths = (
			);
			inputPaths = (
				"${PODS_PODFILE_DIR_PATH}/Podfile.lock",
				"${PODS_ROOT}/Manifest.lock",
			);
			name = "[CP] Check Pods Manifest.lock";
			outputFileListPaths = (
			);
			outputPaths = (
				"$(DERIVED_FILE_DIR)/Pods-KickstartWeather-checkManifestLockResult.txt",
			);
			runOnlyForDeploymentPostprocessing = 0;
			shellPath = /bin/sh;
			shellScript = "diff \"${PODS_PODFILE_DIR_PATH}/Podfile.lock\" \"${PODS_ROOT}/Manifest.lock\" > /dev/null\nif [ $? != 0 ] ; then\n    # print error to STDERR\n    echo \"error: The sandbox is not in sync with the Podfile.lock. Run 'pod install' or update your CocoaPods installation.\" >&2\n    exit 1\nfi\n# This output is used by Xcode 'outputs' to avoid re-running this script phase.\necho \"SUCCESS\" > \"${SCRIPT_OUTPUT_FILE_0}\"\n";
			showEnvVarsInLog = 0;
		};
		3856F8AC097CACA7B9640804 /* [CP] Copy Pods Resources */ = {
			isa = PBXShellScriptBuildPhase;
			buildActionMask = 2147483647;
			files = (
			);
			inputFileListPaths = (
				"${PODS_ROOT}/Target Support Files/Pods-KickstartWeather-KickstartWeatherTests/Pods-KickstartWeather-KickstartWeatherTests-resources-${CONFIGURATION}-input-files.xcfilelist",
			);
			name = "[CP] Copy Pods Resources";
			outputFileListPaths = (
				"${PODS_ROOT}/Target Support Files/Pods-KickstartWeather-KickstartWeatherTests/Pods-KickstartWeather-KickstartWeatherTests-resources-${CONFIGURATION}-output-files.xcfilelist",
			);
			runOnlyForDeploymentPostprocessing = 0;
			shellPath = /bin/sh;
			shellScript = "\"${PODS_ROOT}/Target Support Files/Pods-KickstartWeather-KickstartWeatherTests/Pods-KickstartWeather-KickstartWeatherTests-resources.sh\"\n";
			showEnvVarsInLog = 0;
		};
		43182C78F8CA2A6923617AF0 /* [CP] Check Pods Manifest.lock */ = {
			isa = PBXShellScriptBuildPhase;
			buildActionMask = 2147483647;
			files = (
			);
			inputFileListPaths = (
			);
			inputPaths = (
				"${PODS_PODFILE_DIR_PATH}/Podfile.lock",
				"${PODS_ROOT}/Manifest.lock",
			);
			name = "[CP] Check Pods Manifest.lock";
			outputFileListPaths = (
			);
			outputPaths = (
				"$(DERIVED_FILE_DIR)/Pods-KickstartWeather-KickstartWeatherTests-checkManifestLockResult.txt",
			);
			runOnlyForDeploymentPostprocessing = 0;
			shellPath = /bin/sh;
			shellScript = "diff \"${PODS_PODFILE_DIR_PATH}/Podfile.lock\" \"${PODS_ROOT}/Manifest.lock\" > /dev/null\nif [ $? != 0 ] ; then\n    # print error to STDERR\n    echo \"error: The sandbox is not in sync with the Podfile.lock. Run 'pod install' or update your CocoaPods installation.\" >&2\n    exit 1\nfi\n# This output is used by Xcode 'outputs' to avoid re-running this script phase.\necho \"SUCCESS\" > \"${SCRIPT_OUTPUT_FILE_0}\"\n";
			showEnvVarsInLog = 0;
		};
		4D7B1F5296D3F303B0CA11AB /* [CP] Embed Pods Frameworks */ = {
			isa = PBXShellScriptBuildPhase;
			buildActionMask = 2147483647;
			files = (
			);
			inputFileListPaths = (
				"${PODS_ROOT}/Target Support Files/Pods-KickstartWeather-KickstartWeatherTests/Pods-KickstartWeather-KickstartWeatherTests-frameworks-${CONFIGURATION}-input-files.xcfilelist",
			);
			name = "[CP] Embed Pods Frameworks";
			outputFileListPaths = (
				"${PODS_ROOT}/Target Support Files/Pods-KickstartWeather-KickstartWeatherTests/Pods-KickstartWeather-KickstartWeatherTests-frameworks-${CONFIGURATION}-output-files.xcfilelist",
			);
			runOnlyForDeploymentPostprocessing = 0;
			shellPath = /bin/sh;
			shellScript = "\"${PODS_ROOT}/Target Support Files/Pods-KickstartWeather-KickstartWeatherTests/Pods-KickstartWeather-KickstartWeatherTests-frameworks.sh\"\n";
			showEnvVarsInLog = 0;
		};
		793B01458929B6E5279940A2 /* [CP] Copy Pods Resources */ = {
			isa = PBXShellScriptBuildPhase;
			buildActionMask = 2147483647;
			files = (
			);
			inputFileListPaths = (
				"${PODS_ROOT}/Target Support Files/Pods-KickstartWeather/Pods-KickstartWeather-resources-${CONFIGURATION}-input-files.xcfilelist",
			);
			name = "[CP] Copy Pods Resources";
			outputFileListPaths = (
				"${PODS_ROOT}/Target Support Files/Pods-KickstartWeather/Pods-KickstartWeather-resources-${CONFIGURATION}-output-files.xcfilelist",
			);
			runOnlyForDeploymentPostprocessing = 0;
			shellPath = /bin/sh;
			shellScript = "\"${PODS_ROOT}/Target Support Files/Pods-KickstartWeather/Pods-KickstartWeather-resources.sh\"\n";
			showEnvVarsInLog = 0;
		};
/* End PBXShellScriptBuildPhase section */

/* Begin PBXSourcesBuildPhase section */
		00E356EA1AD99517003FC87E /* Sources */ = {
			isa = PBXSourcesBuildPhase;
			buildActionMask = 2147483647;
			files = (
				00E356F31AD99517003FC87E /* KickstartWeatherTests.m in Sources */,
			);
			runOnlyForDeploymentPostprocessing = 0;
		};
		13B07F871A680F5B00A75B9A /* Sources */ = {
			isa = PBXSourcesBuildPhase;
			buildActionMask = 2147483647;
			files = (
				13B07FBC1A68108700A75B9A /* AppDelegate.mm in Sources */,
				13B07FC11A68108700A75B9A /* main.m in Sources */,
			);
			runOnlyForDeploymentPostprocessing = 0;
		};
/* End PBXSourcesBuildPhase section */

/* Begin PBXTargetDependency section */
		00E356F51AD99517003FC87E /* PBXTargetDependency */ = {
			isa = PBXTargetDependency;
			target = 13B07F861A680F5B00A75B9A /* KickstartWeather */;
			targetProxy = 00E356F41AD99517003FC87E /* PBXContainerItemProxy */;
		};
/* End PBXTargetDependency section */

/* Begin XCBuildConfiguration section */
		00E356F61AD99517003FC87E /* Debug */ = {
			isa = XCBuildConfiguration;
			baseConfigurationReference = 1100C6623030CD597D04254B /* Pods-KickstartWeather-KickstartWeatherTests.debug.xcconfig */;
			buildSettings = {
				BUNDLE_LOADER = "$(TEST_HOST)";
				GCC_PREPROCESSOR_DEFINITIONS = (
					"DEBUG=1",
					"$(inherited)",
				);
				INFOPLIST_FILE = KickstartWeatherTests/Info.plist;
				IPHONEOS_DEPLOYMENT_TARGET = 15.1;
				LD_RUNPATH_SEARCH_PATHS = (
					"$(inherited)",
					"@executable_path/Frameworks",
					"@loader_path/Frameworks",
				);
				OTHER_LDFLAGS = (
					"-ObjC",
					"-lc++",
					"$(inherited)",
				);
				PRODUCT_BUNDLE_IDENTIFIER = com.kickstart.weather;
				PRODUCT_NAME = "$(TARGET_NAME)";
				TEST_HOST = "$(BUILT_PRODUCTS_DIR)/KickstartWeather.app/KickstartWeather";
			};
			name = Debug;
		};
		00E356F71AD99517003FC87E /* Release */ = {
			isa = XCBuildConfiguration;
			baseConfigurationReference = 2C0A04A7A8577FEBD3E4E354 /* Pods-KickstartWeather-KickstartWeatherTests.release.xcconfig */;
			buildSettings = {
				BUNDLE_LOADER = "$(TEST_HOST)";
				COPY_PHASE_STRIP = NO;
				INFOPLIST_FILE = KickstartWeatherTests/Info.plist;
				IPHONEOS_DEPLOYMENT_TARGET = 15.1;
				LD_RUNPATH_SEARCH_PATHS = (
					"$(inherited)",
					"@executable_path/Frameworks",
					"@loader_path/Frameworks",
				);
				OTHER_LDFLAGS = (
					"-ObjC",
					"-lc++",
					"$(inherited)",
				);
				PRODUCT_BUNDLE_IDENTIFIER = com.kickstart.weather;
				PRODUCT_NAME = "$(TARGET_NAME)";
				TEST_HOST = "$(BUILT_PRODUCTS_DIR)/KickstartWeather.app/KickstartWeather";
			};
			name = Release;
		};
		13B07F941A680F5B00A75B9A /* Debug */ = {
			isa = XCBuildConfiguration;
			baseConfigurationReference = AC4DA1A4D068D443DBB276AB /* Pods-KickstartWeather.debug.xcconfig */;
			buildSettings = {
				ASSETCATALOG_COMPILER_APPICON_NAME = AppIcon;
				CLANG_ENABLE_MODULES = YES;
				CURRENT_PROJECT_VERSION = 1;
				ENABLE_BITCODE = NO;
				INFOPLIST_FILE = KickstartWeather/Info.plist;
				INFOPLIST_KEY_CFBundleDisplayName = "Kickstart Weather";
				IPHONEOS_DEPLOYMENT_TARGET = 15.1;
				LD_RUNPATH_SEARCH_PATHS = (
					"$(inherited)",
					"@executable_path/Frameworks",
				);
				MARKETING_VERSION = 1.0;
				OTHER_LDFLAGS = (
					"$(inherited)",
					"-ObjC",
					"-lc++",
				);
				PRODUCT_BUNDLE_IDENTIFIER = com.kickstart.weather;
				PRODUCT_NAME = KickstartWeather;
				SWIFT_OPTIMIZATION_LEVEL = "-Onone";
				SWIFT_VERSION = 5.0;
				VERSIONING_SYSTEM = "apple-generic";
			};
			name = Debug;
		};
		13B07F951A680F5B00A75B9A /* Release */ = {
			isa = XCBuildConfiguration;
			baseConfigurationReference = CE70B513165FAE0D88C3F3BA /* Pods-KickstartWeather.release.xcconfig */;
			buildSettings = {
				ASSETCATALOG_COMPILER_APPICON_NAME = AppIcon;
				CLANG_ENABLE_MODULES = YES;
				CURRENT_PROJECT_VERSION = 1;
				INFOPLIST_FILE = KickstartWeather/Info.plist;
				INFOPLIST_KEY_CFBundleDisplayName = "Kickstart Weather";
				IPHONEOS_DEPLOYMENT_TARGET = 15.1;
				LD_RUNPATH_SEARCH_PATHS = (
					"$(inherited)",
					"@executable_path/Frameworks",
				);
				MARKETING_VERSION = 1.0;
				OTHER_LDFLAGS = (
					"$(inherited)",
					"-ObjC",
					"-lc++",
				);
				PRODUCT_BUNDLE_IDENTIFIER = com.kickstart.weather;
				PRODUCT_NAME = KickstartWeather;
				SWIFT_VERSION = 5.0;
				VERSIONING_SYSTEM = "apple-generic";
			};
			name = Release;
		};
		83CBBA201A601CBA00E9B192 /* Debug */ = {
			isa = XCBuildConfiguration;
			buildSettings = {
				ALWAYS_SEARCH_USER_PATHS = NO;
				CLANG_ANALYZER_LOCALIZABILITY_NONLOCALIZED = YES;
				CLANG_CXX_LANGUAGE_STANDARD = "c++20";
				CLANG_CXX_LIBRARY = "libc++";
				CLANG_ENABLE_MODULES = YES;
				CLANG_ENABLE_OBJC_ARC = YES;
				CLANG_WARN_BLOCK_CAPTURE_AUTORELEASING = YES;
				CLANG_WARN_BOOL_CONVERSION = YES;
				CLANG_WARN_COMMA = YES;
				CLANG_WARN_CONSTANT_CONVERSION = YES;
				CLANG_WARN_DEPRECATED_OBJC_IMPLEMENTATIONS = YES;
				CLANG_WARN_DIRECT_OBJC_ISA_USAGE = YES_ERROR;
				CLANG_WARN_EMPTY_BODY = YES;
				CLANG_WARN_ENUM_CONVERSION = YES;
				CLANG_WARN_INFINITE_RECURSION = YES;
				CLANG_WARN_INT_CONVERSION = YES;
				CLANG_WARN_NON_LITERAL_NULL_CONVERSION = YES;
				CLANG_WARN_OBJC_IMPLICIT_RETAIN_SELF = YES;
				CLANG_WARN_OBJC_LITERAL_CONVERSION = YES;
				CLANG_WARN_OBJC_ROOT_CLASS = YES_ERROR;
				CLANG_WARN_QUOTED_INCLUDE_IN_FRAMEWORK_HEADER = YES;
				CLANG_WARN_RANGE_LOOP_ANALYSIS = YES;
				CLANG_WARN_STRICT_PROTOTYPES = YES;
				CLANG_WARN_SUSPICIOUS_MOVE = YES;
				CLANG_WARN_UNREACHABLE_CODE = YES;
				CLANG_WARN__DUPLICATE_METHOD_MATCH = YES;
				"CODE_SIGN_IDENTITY[sdk=iphoneos*]" = "iPhone Developer";
				COPY_PHASE_STRIP = NO;
				ENABLE_STRICT_OBJC_MSGSEND = YES;
				ENABLE_TESTABILITY = YES;
				"EXCLUDED_ARCHS[sdk=iphonesimulator*]" = "";
				GCC_C_LANGUAGE_STANDARD = gnu99;
				GCC_DYNAMIC_NO_PIC = NO;
				GCC_NO_COMMON_BLOCKS = YES;
				GCC_OPTIMIZATION_LEVEL = 0;
				GCC_PREPROCESSOR_DEFINITIONS = (
					"DEBUG=1",
					"$(inherited)",
				);
				GCC_SYMBOLS_PRIVATE_EXTERN = NO;
				GCC_WARN_64_TO_32_BIT_CONVERSION = YES;
				GCC_WARN_ABOUT_RETURN_TYPE = YES_ERROR;
				GCC_WARN_UNDECLARED_SELECTOR = YES;
				GCC_WARN_UNINITIALIZED_AUTOS = YES_AGGRESSIVE;
				GCC_WARN_UNUSED_FUNCTION = YES;
				GCC_WARN_UNUSED_VARIABLE = YES;
				IPHONEOS_DEPLOYMENT_TARGET = 15.1;
				LD_RUNPATH_SEARCH_PATHS = (
					/usr/lib/swift,
					"$(inherited)",
				);
				LIBRARY_SEARCH_PATHS = (
					"\"$(SDKROOT)/usr/lib/swift\"",
					"\"$(TOOLCHAIN_DIR)/usr/lib/swift/$(PLATFORM_NAME)\"",
					"\"$(inherited)\"",
				);
				MTL_ENABLE_DEBUG_INFO = YES;
				ONLY_ACTIVE_ARCH = YES;
				OTHER_CPLUSPLUSFLAGS = (
					"$(OTHER_CFLAGS)",
					"-DFOLLY_NO_CONFIG",
					"-DFOLLY_MOBILE=1",
					"-DFOLLY_USE_LIBCPP=1",
					"-DFOLLY_CFG_NO_COROUTINES=1",
					"-DFOLLY_HAVE_CLOCK_GETTIME=1",
				);
				OTHER_LDFLAGS = (
					"$(inherited)",
					" ",
				);
				REACT_NATIVE_PATH = "${PODS_ROOT}/../../node_modules/react-native";
				SDKROOT = iphoneos;
				SWIFT_ACTIVE_COMPILATION_CONDITIONS = "$(inherited) DEBUG";
				USE_HERMES = true;
			};
			name = Debug;
		};
		83CBBA211A601CBA00E9B192 /* Release */ = {
			isa = XCBuildConfiguration;
			buildSettings = {
				ALWAYS_SEARCH_USER_PATHS = NO;
				CLANG_ANALYZER_LOCALIZABILITY_NONLOCALIZED = YES;
				CLANG_CXX_LANGUAGE_STANDARD = "c++20";
				CLANG_CXX_LIBRARY = "libc++";
				CLANG_ENABLE_MODULES = YES;
				CLANG_ENABLE_OBJC_ARC = YES;
				CLANG_WARN_BLOCK_CAPTURE_AUTORELEASING = YES;
				CLANG_WARN_BOOL_CONVERSION = YES;
				CLANG_WARN_COMMA = YES;
				CLANG_WARN_CONSTANT_CONVERSION = YES;
				CLANG_WARN_DEPRECATED_OBJC_IMPLEMENTATIONS = YES;
				CLANG_WARN_DIRECT_OBJC_ISA_USAGE = YES_ERROR;
				CLANG_WARN_EMPTY_BODY = YES;
				CLANG_WARN_ENUM_CONVERSION = YES;
				CLANG_WARN_INFINITE_RECURSION = YES;
				CLANG_WARN_INT_CONVERSION = YES;
				CLANG_WARN_NON_LITERAL_NULL_CONVERSION = YES;
				CLANG_WARN_OBJC_IMPLICIT_RETAIN_SELF = YES;
				CLANG_WARN_OBJC_LITERAL_CONVERSION = YES;
				CLANG_WARN_OBJC_ROOT_CLASS = YES_ERROR;
				CLANG_WARN_QUOTED_INCLUDE_IN_FRAMEWORK_HEADER = YES;
				CLANG_WARN_RANGE_LOOP_ANALYSIS = YES;
				CLANG_WARN_STRICT_PROTOTYPES = YES;
				CLANG_WARN_SUSPICIOUS_MOVE = YES;
				CLANG_WARN_UNREACHABLE_CODE = YES;
				CLANG_WARN__DUPLICATE_METHOD_MATCH = YES;
				"CODE_SIGN_IDENTITY[sdk=iphoneos*]" = "iPhone Developer";
				COPY_PHASE_STRIP = YES;
				ENABLE_NS_ASSERTIONS = NO;
				ENABLE_STRICT_OBJC_MSGSEND = YES;
				"EXCLUDED_ARCHS[sdk=iphonesimulator*]" = "";
				GCC_C_LANGUAGE_STANDARD = gnu99;
				GCC_NO_COMMON_BLOCKS = YES;
				GCC_WARN_64_TO_32_BIT_CONVERSION = YES;
				GCC_WARN_ABOUT_RETURN_TYPE = YES_ERROR;
				GCC_WARN_UNDECLARED_SELECTOR = YES;
				GCC_WARN_UNINITIALIZED_AUTOS = YES_AGGRESSIVE;
				GCC_WARN_UNUSED_FUNCTION = YES;
				GCC_WARN_UNUSED_VARIABLE = YES;
				IPHONEOS_DEPLOYMENT_TARGET = 15.1;
				LD_RUNPATH_SEARCH_PATHS = (
					/usr/lib/swift,
					"$(inherited)",
				);
				LIBRARY_SEARCH_PATHS = (
					"\"$(SDKROOT)/usr/lib/swift\"",
					"\"$(TOOLCHAIN_DIR)/usr/lib/swift/$(PLATFORM_NAME)\"",
					"\"$(inherited)\"",
				);
				MTL_ENABLE_DEBUG_INFO = NO;
				OTHER_CPLUSPLUSFLAGS = (
					"$(OTHER_CFLAGS)",
					"-DFOLLY_NO_CONFIG",
					"-DFOLLY_MOBILE=1",
					"-DFOLLY_USE_LIBCPP=1",
					"-DFOLLY_CFG_NO_COROUTINES=1",
					"-DFOLLY_HAVE_CLOCK_GETTIME=1",
				);
				OTHER_LDFLAGS = (
					"$(inherited)",
					" ",
				);
				REACT_NATIVE_PATH = "${PODS_ROOT}/../../node_modules/react-native";
				SDKROOT = iphoneos;
				USE_HERMES = true;
				VALIDATE_PRODUCT = YES;
			};
			name = Release;
		};
/* End XCBuildConfiguration section */

/* Begin XCConfigurationList section */
		00E357021AD99517003FC87E /* Build configuration list for PBXNativeTarget "KickstartWeatherTests" */ = {
			isa = XCConfigurationList;
			buildConfigurations = (
				00E356F61AD99517003FC87E /* Debug */,
				00E356F71AD99517003FC87E /* Release */,
			);
			defaultConfigurationIsVisible = 0;
			defaultConfigurationName = Release;
		};
		13B07F931A680F5B00A75B9A /* Build configuration list for PBXNativeTarget "KickstartWeather" */ = {
			isa = XCConfigurationList;
			buildConfigurations = (
				13B07F941A680F5B00A75B9A /* Debug */,
				13B07F951A680F5B00A75B9A /* Release */,
			);
			defaultConfigurationIsVisible = 0;
			defaultConfigurationName = Release;
		};
		83CBB9FA1A601CBA00E9B192 /* Build configuration list for PBXProject "KickstartWeather" */ = {
			isa = XCConfigurationList;
			buildConfigurations = (
				83CBBA201A601CBA00E9B192 /* Debug */,
				83CBBA211A601CBA00E9B192 /* Release */,
			);
			defaultConfigurationIsVisible = 0;
			defaultConfigurationName = Release;
		};
/* End XCConfigurationList section */
	};
	rootObject = 83CBB9F71A601CBA00E9B192 /* Project object */;
}
